{
  "nodes": {
    "basis-flake": {
      "inputs": {
        "nixpkgs": [
          "nixpkgs"
        ],
        "utils": "utils",
        "vitalpkgs": [
          "vitalpkgs"
        ]
      },
      "locked": {
        "lastModified": 1652856284,
        "narHash": "sha256-PRn3bBgWwYtV5gXolX1VxdHKruNPsbHingA3ILQubks=",
        "ref": "master",
        "rev": "72c7121d069f23b7d3aeb328efa86b57323ce87b",
        "revCount": 61,
        "type": "git",
        "url": "ssh://git@github.com/quant-wonderland/basis"
      },
      "original": {
        "type": "git",
        "url": "ssh://git@github.com/quant-wonderland/basis"
      }
    },
    "flake-utils": {
      "locked": {
        "lastModified": 1620759905,
        "narHash": "sha256-WiyWawrgmyN0EdmiHyG2V+fqReiVi8bM9cRdMaKQOFg=",
        "owner": "numtide",
        "repo": "flake-utils",
        "rev": "b543720b25df6ffdfcf9227afafc5b8c1fabfae8",
        "type": "github"
      },
      "original": {
        "owner": "numtide",
        "repo": "flake-utils",
        "type": "github"
      }
    },
    "nixpkgs": {
      "locked": {
        "lastModified": 1627254826,
        "narHash": "sha256-0FrYk5RXSXeDCiQWrid0jdd8w33WkmRjJMUdXX775vs=",
        "owner": "NixOS",
        "repo": "nixpkgs",
        "rev": "e82ffe7b5f25d781eb52cc07c552899cf6f6547b",
        "type": "github"
      },
      "original": {
        "owner": "NixOS",
        "repo": "nixpkgs",
        "rev": "e82ffe7b5f25d781eb52cc07c552899cf6f6547b",
        "type": "github"
      }
    },
    "nixpkgs-unstable": {
      "locked": {
        "lastModified": 1622437901,
        "narHash": "sha256-ww6EcXDmOgJbx2DOGAW6PbIQK3K/WGCpFYW4yNyP/XM=",
        "owner": "NixOS",
        "repo": "nixpkgs",
        "rev": "f924460e91cba6473c5dc4b8ccb1a1cfc05bc2d7",
        "type": "github"
      },
      "original": {
        "owner": "NixOS",
        "repo": "nixpkgs",
        "rev": "f924460e91cba6473c5dc4b8ccb1a1cfc05bc2d7",
        "type": "github"
      }
    },
    "root": {
      "inputs": {
        "basis-flake": "basis-flake",
        "nixpkgs": "nixpkgs",
        "utils": "utils_2",
        "vitalpkgs": "vitalpkgs"
      }
    },
    "utils": {
      "locked": {
        "lastModified": 1634851050,
        "narHash": "sha256-N83GlSGPJJdcqhUxSCS/WwW5pksYf3VP1M13cDRTSVA=",
        "owner": "numtide",
        "repo": "flake-utils",
        "rev": "c91f3de5adaf1de973b797ef7485e441a65b8935",
        "type": "github"
      },
      "original": {
        "owner": "numtide",
        "repo": "flake-utils",
        "type": "github"
      }
    },
    "utils_2": {
      "locked": {
        "lastModified": 1653893745,
        "narHash": "sha256-0jntwV3Z8//YwuOjzhV2sgJJPt+HY6KhU7VZUL0fKZQ=",
        "owner": "numtide",
        "repo": "flake-utils",
        "rev": "1ed9fb1935d260de5fe1c2f7ee0ebaae17ed2fa1",
        "type": "github"
      },
      "original": {
        "owner": "numtide",
        "repo": "flake-utils",
        "type": "github"
      }
    },
    "vitalpkgs": {
      "inputs": {
        "flake-utils": "flake-utils",
        "nixpkgs": [
          "nixpkgs"
        ],
        "nixpkgs-unstable": "nixpkgs-unstable"
      },
      "locked": {
        "lastModified": 1634531087,
        "narHash": "sha256-E1UXb0q/Sard1ywRk4HrT+nRPoskQ5Y0pQ7Ys1vkIzc=",
        "owner": "nixvital",
        "repo": "vitalpkgs",
        "rev": "dc07cc44aaf127f7ebe581b8dc6dc7d2796366aa",
        "type": "github"
      },
      "original": {
        "owner": "nixvital",
        "repo": "vitalpkgs",
        "type": "github"
      }
    }
  },
  "root": "root",
  "version": 7
}
